
Microsoft Visual Studio Solution File, Format Version 12.00
# Visual Studio Version 17
VisualStudioVersion = 17.6.33723.286
MinimumVisualStudioVersion = 10.0.40219.1
Project("{9A19103F-16F7-4668-BE54-9A1E7A4F7556}") = "ConsoleApp5", "ConsoleApp5\ConsoleApp5.csproj", "{FD56F1A2-C6A9-452B-B05F-EB419F89E3E7}"
EndProject
Project("{9A19103F-16F7-4668-BE54-9A1E7A4F7556}") = "ConsoleApp5_1", "ConsoleApp5_1\ConsoleApp5_1.csproj", "{EEF98F6C-93BA-49DA-B988-B98C347922A6}"
EndProject
Project("{9A19103F-16F7-4668-BE54-9A1E7A4F7556}") = "DateValidators", "DateValidators\DateValidators.csproj", "{42512FD6-9B23-466E-8122-EB116527CAC7}"
EndProject
Project("{9A19103F-16F7-4668-BE54-9A1E7A4F7556}") = "MyMath_", "MyMath_\MyMath_.csproj", "{9BCD4375-A246-482C-8E7E-0954138C51ED}"
EndProject
Project("{9A19103F-16F7-4668-BE54-9A1E7A4F7556}") = "EmailFormatte", "EmailFormatte\EmailFormatte.csproj", "{DDD8022B-7224-4C70-BEF4-1EAB4718748C}"
EndProject
Project("{9A19103F-16F7-4668-BE54-9A1E7A4F7556}") = "ConsoleIComparable", "ConsoleIComparable\ConsoleIComparable.csproj", "{1D685FD0-21F8-4EDB-96B9-5613D7F4ECA8}"
EndProject
Project("{9A19103F-16F7-4668-BE54-9A1E7A4F7556}") = "InterfaceShape", "InterfaceShape\InterfaceShape.csproj", "{EADC755F-2FB9-4BD4-9A77-7FCB4B24D093}"
EndProject
Project("{9A19103F-16F7-4668-BE54-9A1E7A4F7556}") = "ConsolListAction", "ConsolListAction\ConsolListAction.csproj", "{B06CB4F0-304D-4BB4-9F13-336E82A7ED8C}"
EndProject
Project("{FAE04EC0-301F-11D3-BF4B-00C04F79EFBC}") = "PrintMessage", "PrintMessage\PrintMessage.csproj", "{474254C1-0834-4A65-9DB7-017231A66B1A}"
EndProject
Project("{FAE04EC0-301F-11D3-BF4B-00C04F79EFBC}") = "Flyng", "Flyng\Flyng.csproj", "{45AC7C1B-0593-415C-A09C-57077EF56A1B}"
EndProject
Global
	GlobalSection(SolutionConfigurationPlatforms) = preSolution
		Debug|Any CPU = Debug|Any CPU
		Release|Any CPU = Release|Any CPU
	EndGlobalSection
	GlobalSection(ProjectConfigurationPlatforms) = postSolution
		{FD56F1A2-C6A9-452B-B05F-EB419F89E3E7}.Debug|Any CPU.ActiveCfg = Debug|Any CPU
		{FD56F1A2-C6A9-452B-B05F-EB419F89E3E7}.Debug|Any CPU.Build.0 = Debug|Any CPU
		{FD56F1A2-C6A9-452B-B05F-EB419F89E3E7}.Release|Any CPU.ActiveCfg = Release|Any CPU
		{FD56F1A2-C6A9-452B-B05F-EB419F89E3E7}.Release|Any CPU.Build.0 = Release|Any CPU
		{EEF98F6C-93BA-49DA-B988-B98C347922A6}.Debug|Any CPU.ActiveCfg = Debug|Any CPU
		{EEF98F6C-93BA-49DA-B988-B98C347922A6}.Debug|Any CPU.Build.0 = Debug|Any CPU
		{EEF98F6C-93BA-49DA-B988-B98C347922A6}.Release|Any CPU.ActiveCfg = Release|Any CPU
		{EEF98F6C-93BA-49DA-B988-B98C347922A6}.Release|Any CPU.Build.0 = Release|Any CPU
		{42512FD6-9B23-466E-8122-EB116527CAC7}.Debug|Any CPU.ActiveCfg = Debug|Any CPU
		{42512FD6-9B23-466E-8122-EB116527CAC7}.Debug|Any CPU.Build.0 = Debug|Any CPU
		{42512FD6-9B23-466E-8122-EB116527CAC7}.Release|Any CPU.ActiveCfg = Release|Any CPU
		{42512FD6-9B23-466E-8122-EB116527CAC7}.Release|Any CPU.Build.0 = Release|Any CPU
		{9BCD4375-A246-482C-8E7E-0954138C51ED}.Debug|Any CPU.ActiveCfg = Debug|Any CPU
		{9BCD4375-A246-482C-8E7E-0954138C51ED}.Debug|Any CPU.Build.0 = Debug|Any CPU
		{9BCD4375-A246-482C-8E7E-0954138C51ED}.Release|Any CPU.ActiveCfg = Release|Any CPU
		{9BCD4375-A246-482C-8E7E-0954138C51ED}.Release|Any CPU.Build.0 = Release|Any CPU
		{DDD8022B-7224-4C70-BEF4-1EAB4718748C}.Debug|Any CPU.ActiveCfg = Debug|Any CPU
		{DDD8022B-7224-4C70-BEF4-1EAB4718748C}.Debug|Any CPU.Build.0 = Debug|Any CPU
		{DDD8022B-7224-4C70-BEF4-1EAB4718748C}.Release|Any CPU.ActiveCfg = Release|Any CPU
		{DDD8022B-7224-4C70-BEF4-1EAB4718748C}.Release|Any CPU.Build.0 = Release|Any CPU
		{1D685FD0-21F8-4EDB-96B9-5613D7F4ECA8}.Debug|Any CPU.ActiveCfg = Debug|Any CPU
		{1D685FD0-21F8-4EDB-96B9-5613D7F4ECA8}.Debug|Any CPU.Build.0 = Debug|Any CPU
		{1D685FD0-21F8-4EDB-96B9-5613D7F4ECA8}.Release|Any CPU.ActiveCfg = Release|Any CPU
		{1D685FD0-21F8-4EDB-96B9-5613D7F4ECA8}.Release|Any CPU.Build.0 = Release|Any CPU
		{EADC755F-2FB9-4BD4-9A77-7FCB4B24D093}.Debug|Any CPU.ActiveCfg = Debug|Any CPU
		{EADC755F-2FB9-4BD4-9A77-7FCB4B24D093}.Debug|Any CPU.Build.0 = Debug|Any CPU
		{EADC755F-2FB9-4BD4-9A77-7FCB4B24D093}.Release|Any CPU.ActiveCfg = Release|Any CPU
		{EADC755F-2FB9-4BD4-9A77-7FCB4B24D093}.Release|Any CPU.Build.0 = Release|Any CPU
		{B06CB4F0-304D-4BB4-9F13-336E82A7ED8C}.Debug|Any CPU.ActiveCfg = Debug|Any CPU
		{B06CB4F0-304D-4BB4-9F13-336E82A7ED8C}.Debug|Any CPU.Build.0 = Debug|Any CPU
		{B06CB4F0-304D-4BB4-9F13-336E82A7ED8C}.Release|Any CPU.ActiveCfg = Release|Any CPU
		{B06CB4F0-304D-4BB4-9F13-336E82A7ED8C}.Release|Any CPU.Build.0 = Release|Any CPU
		{474254C1-0834-4A65-9DB7-017231A66B1A}.Debug|Any CPU.ActiveCfg = Debug|Any CPU
		{474254C1-0834-4A65-9DB7-017231A66B1A}.Debug|Any CPU.Build.0 = Debug|Any CPU
		{474254C1-0834-4A65-9DB7-017231A66B1A}.Release|Any CPU.ActiveCfg = Release|Any CPU
		{474254C1-0834-4A65-9DB7-017231A66B1A}.Release|Any CPU.Build.0 = Release|Any CPU
		{45AC7C1B-0593-415C-A09C-57077EF56A1B}.Debug|Any CPU.ActiveCfg = Debug|Any CPU
		{45AC7C1B-0593-415C-A09C-57077EF56A1B}.Debug|Any CPU.Build.0 = Debug|Any CPU
		{45AC7C1B-0593-415C-A09C-57077EF56A1B}.Release|Any CPU.ActiveCfg = Release|Any CPU
		{45AC7C1B-0593-415C-A09C-57077EF56A1B}.Release|Any CPU.Build.0 = Release|Any CPU
	EndGlobalSection
	GlobalSection(SolutionProperties) = preSolution
		HideSolutionNode = FALSE
	EndGlobalSection
	GlobalSection(ExtensibilityGlobals) = postSolution
		SolutionGuid = {E66EBAE6-20F1-41D9-A34E-623891D681A9}
	EndGlobalSection
EndGlobal
